{
  "name": "@eighteen73/tailwindcss-wordpress",
  "version": "1.0.0",
  "lockfileVersion": 2,
  "requires": true,
  "packages": {
    "": {
      "name": "@eighteen73/tailwindcss-wordpress",
      "version": "1.0.0",
      "license": "MIT",
      "dependencies": {
        "lodash": "^4.17.21"
      },
      "devDependencies": {
        "@wordpress/prettier-config": "^1.4.0"
      }
    },
    "node_modules/@wordpress/prettier-config": {
      "version": "1.4.0",
      "resolved": "https://registry.npmjs.org/@wordpress/prettier-config/-/prettier-config-1.4.0.tgz",
      "integrity": "sha512-uvrgUAhRnOvIysXjcXH9VDsrKLqH9r3BfdGoy+WFLSHFnTfdMhW7bdDQXl4F4UIUuefUwGi+ZvT/rChg9zoBkQ==",
      "dev": true,
      "engines": {
        "node": ">=12"
      },
      "peerDependencies": {
        "prettier": ">=2"
      }
    },
    "node_modules/lodash": {
      "version": "4.17.21",
      "resolved": "https://registry.npmjs.org/lodash/-/lodash-4.17.21.tgz",
      "integrity": "sha512-v2kDEe57lecTulaDIuNTPy3Ry4gLGJ6Z1O3vE1krgXZNrsQ+LFTGHVxVjcXPs17LhbZVGedAJv8XZ1tvj5FvSg=="
    },
    "node_modules/prettier": {
      "version": "2.7.1",
      "resolved": "https://registry.npmjs.org/prettier/-/prettier-2.7.1.tgz",
      "integrity": "sha512-ujppO+MkdPqoVINuDFDRLClm7D78qbDt0/NR+wp5FqEZOoTNAjPHWj17QRhu7geIHJfcNhRk1XVQmF8Bp3ye+g==",
      "dev": true,
      "peer": true,
      "bin": {
        "prettier": "bin-prettier.js"
      },
      "engines": {
        "node": ">=10.13.0"
      },
      "funding": {
        "url": "https://github.com/prettier/prettier?sponsor=1"
      }
    }
  },
  "dependencies": {
    "@wordpress/prettier-config": {
      "version": "1.4.0",
      "resolved": "https://registry.npmjs.org/@wordpress/prettier-config/-/prettier-config-1.4.0.tgz",
      "integrity": "sha512-uvrgUAhRnOvIysXjcXH9VDsrKLqH9r3BfdGoy+WFLSHFnTfdMhW7bdDQXl4F4UIUuefUwGi+ZvT/rChg9zoBkQ==",
      "dev": true,
      "requires": {}
    },
    "lodash": {
      "version": "4.17.21",
      "resolved": "https://registry.npmjs.org/lodash/-/lodash-4.17.21.tgz",
      "integrity": "sha512-v2kDEe57lecTulaDIuNTPy3Ry4gLGJ6Z1O3vE1krgXZNrsQ+LFTGHVxVjcXPs17LhbZVGedAJv8XZ1tvj5FvSg=="
    },
    "prettier": {
      "version": "2.7.1",
      "resolved": "https://registry.npmjs.org/prettier/-/prettier-2.7.1.tgz",
      "integrity": "sha512-ujppO+MkdPqoVINuDFDRLClm7D78qbDt0/NR+wp5FqEZOoTNAjPHWj17QRhu7geIHJfcNhRk1XVQmF8Bp3ye+g==",
      "dev": true,
      "peer": true
    }
  }
}
